{
  "version": 4,
  "terraform_version": "0.12.17",
  "serial": 20,
  "lineage": "7f854381-f7e6-8fcb-fad6-716e429eca7f",
  "outputs": {},
  "resources": [
    {
      "mode": "managed",
      "type": "helm_release",
      "name": "terrahelm",
      "provider": "provider.helm",
      "instances": [
        {
          "schema_version": 0,
          "attributes": {
            "chart": "terraform-example",
            "devel": null,
            "disable_webhooks": false,
            "force_update": false,
            "id": "terrahelm-example",
            "keyring": null,
            "metadata": [
              {
                "chart": "terraform-example",
                "name": "terrahelm-example",
                "namespace": "default",
                "revision": 1,
                "values": "{}\n",
                "version": "0.1.0"
              }
            ],
            "name": "terrahelm-example",
            "namespace": "default",
            "recreate_pods": false,
            "repository": "https://www.colgworld.com/helm-charts/",
            "reuse": false,
            "reuse_values": false,
            "set": [],
            "set_sensitive": [],
            "set_string": [],
            "status": "DEPLOYED",
            "timeout": 300,
            "values": null,
            "verify": false,
            "version": "0.1.0",
            "wait": true
          },
          "private": "bnVsbA=="
        }
      ]
    }
  ]
}
